
Microsoft Visual Studio Solution File, Format Version 12.00
# Visual Studio Version 16
VisualStudioVersion = 16.0.29009.5
MinimumVisualStudioVersion = 10.0.40219.1
Project("{FAE04EC0-301F-11D3-BF4B-00C04F79EFBC}") = "Lab9RefactoringTime-NateS", "Lab9RefactoringTime-NateS.csproj", "{C5A2464A-BF85-4891-BD53-D3C1738F9730}"
EndProject
Project("{FAE04EC0-301F-11D3-BF4B-00C04F79EFBC}") = "SecondTry", "..\SecondTry\SecondTry.csproj", "{C340F018-D48D-4F1B-AED8-7B99B815488B}"
EndProject
Global
	GlobalSection(SolutionConfigurationPlatforms) = preSolution
		Debug|Any CPU = Debug|Any CPU
		Release|Any CPU = Release|Any CPU
	EndGlobalSection
	GlobalSection(ProjectConfigurationPlatforms) = postSolution
		{C5A2464A-BF85-4891-BD53-D3C1738F9730}.Debug|Any CPU.ActiveCfg = Debug|Any CPU
		{C5A2464A-BF85-4891-BD53-D3C1738F9730}.Debug|Any CPU.Build.0 = Debug|Any CPU
		{C5A2464A-BF85-4891-BD53-D3C1738F9730}.Release|Any CPU.ActiveCfg = Release|Any CPU
		{C5A2464A-BF85-4891-BD53-D3C1738F9730}.Release|Any CPU.Build.0 = Release|Any CPU
		{C340F018-D48D-4F1B-AED8-7B99B815488B}.Debug|Any CPU.ActiveCfg = Debug|Any CPU
		{C340F018-D48D-4F1B-AED8-7B99B815488B}.Debug|Any CPU.Build.0 = Debug|Any CPU
		{C340F018-D48D-4F1B-AED8-7B99B815488B}.Release|Any CPU.ActiveCfg = Release|Any CPU
		{C340F018-D48D-4F1B-AED8-7B99B815488B}.Release|Any CPU.Build.0 = Release|Any CPU
	EndGlobalSection
	GlobalSection(SolutionProperties) = preSolution
		HideSolutionNode = FALSE
	EndGlobalSection
	GlobalSection(ExtensibilityGlobals) = postSolution
		SolutionGuid = {5B2EF1FE-97A0-4A84-8848-A16253DC0411}
	EndGlobalSection
EndGlobal
